
Microsoft Visual Studio Solution File, Format Version 12.00
# Visual Studio 15
VisualStudioVersion = 15.0.27004.2002
MinimumVisualStudioVersion = 10.0.40219.1
Project("{FAE04EC0-301F-11D3-BF4B-00C04F79EFBC}") = "KlientTCP", "KlientTCP\KlientTCP.csproj", "{9FB5FB7E-9F50-4121-A2D0-D55F02181CBC}"
EndProject
Global
	GlobalSection(SolutionConfigurationPlatforms) = preSolution
		Debug|Any CPU = Debug|Any CPU
		Release|Any CPU = Release|Any CPU
	EndGlobalSection
	GlobalSection(ProjectConfigurationPlatforms) = postSolution
		{9FB5FB7E-9F50-4121-A2D0-D55F02181CBC}.Debug|Any CPU.ActiveCfg = Debug|Any CPU
		{9FB5FB7E-9F50-4121-A2D0-D55F02181CBC}.Debug|Any CPU.Build.0 = Debug|Any CPU
		{9FB5FB7E-9F50-4121-A2D0-D55F02181CBC}.Release|Any CPU.ActiveCfg = Release|Any CPU
		{9FB5FB7E-9F50-4121-A2D0-D55F02181CBC}.Release|Any CPU.Build.0 = Release|Any CPU
	EndGlobalSection
	GlobalSection(SolutionProperties) = preSolution
		HideSolutionNode = FALSE
	EndGlobalSection
	GlobalSection(ExtensibilityGlobals) = postSolution
		SolutionGuid = {8E43F9F4-7BE3-4CE2-B6DE-CC6C1E0800B5}
	EndGlobalSection
EndGlobal
